// !$*UTF8*$!
{
	archiveVersion = 1;
	classes = {
	};
	objectVersion = 50;
	objects = {

/* Begin PBXBuildFile section */
		D0EA44C526696C3800CBCBE9 /* AppDelegate.swift in Sources */ = {isa = PBXBuildFile; fileRef = D0EA44C426696C3800CBCBE9 /* AppDelegate.swift */; };
		D0EA44C726696C3800CBCBE9 /* SceneDelegate.swift in Sources */ = {isa = PBXBuildFile; fileRef = D0EA44C626696C3800CBCBE9 /* SceneDelegate.swift */; };
		D0EA44C926696C3800CBCBE9 /* ViewController.swift in Sources */ = {isa = PBXBuildFile; fileRef = D0EA44C826696C3800CBCBE9 /* ViewController.swift */; };
		D0EA44CC26696C3800CBCBE9 /* Main.storyboard in Resources */ = {isa = PBXBuildFile; fileRef = D0EA44CA26696C3800CBCBE9 /* Main.storyboard */; };
		D0EA44CE26696C3D00CBCBE9 /* Assets.xcassets in Resources */ = {isa = PBXBuildFile; fileRef = D0EA44CD26696C3D00CBCBE9 /* Assets.xcassets */; };
		D0EA44D126696C3D00CBCBE9 /* LaunchScreen.storyboard in Resources */ = {isa = PBXBuildFile; fileRef = D0EA44CF26696C3D00CBCBE9 /* LaunchScreen.storyboard */; };
		D0EA44DC26696C3D00CBCBE9 /* MovieAppTests.swift in Sources */ = {isa = PBXBuildFile; fileRef = D0EA44DB26696C3D00CBCBE9 /* MovieAppTests.swift */; };
		D0EA44E726696C3D00CBCBE9 /* MovieAppUITests.swift in Sources */ = {isa = PBXBuildFile; fileRef = D0EA44E626696C3D00CBCBE9 /* MovieAppUITests.swift */; };
/* End PBXBuildFile section */

/* Begin PBXContainerItemProxy section */
		D0EA44D826696C3D00CBCBE9 /* PBXContainerItemProxy */ = {
			isa = PBXContainerItemProxy;
			containerPortal = D0EA44B926696C3800CBCBE9 /* Project object */;
			proxyType = 1;
			remoteGlobalIDString = D0EA44C026696C3800CBCBE9;
			remoteInfo = MovieApp;
		};
		D0EA44E326696C3D00CBCBE9 /* PBXContainerItemProxy */ = {
			isa = PBXContainerItemProxy;
			containerPortal = D0EA44B926696C3800CBCBE9 /* Project object */;
			proxyType = 1;
			remoteGlobalIDString = D0EA44C026696C3800CBCBE9;
			remoteInfo = MovieApp;
		};
/* End PBXContainerItemProxy section */

/* Begin PBXFileReference section */
		D0EA44C126696C3800CBCBE9 /* MovieApp.app */ = {isa = PBXFileReference; explicitFileType = wrapper.application; includeInIndex = 0; path = MovieApp.app; sourceTree = BUILT_PRODUCTS_DIR; };
		D0EA44C426696C3800CBCBE9 /* AppDelegate.swift */ = {isa = PBXFileReference; lastKnownFileType = sourcecode.swift; path = AppDelegate.swift; sourceTree = "<group>"; };
		D0EA44C626696C3800CBCBE9 /* SceneDelegate.swift */ = {isa = PBXFileReference; lastKnownFileType = sourcecode.swift; path = SceneDelegate.swift; sourceTree = "<group>"; };
		D0EA44C826696C3800CBCBE9 /* ViewController.swift */ = {isa = PBXFileReference; lastKnownFileType = sourcecode.swift; path = ViewController.swift; sourceTree = "<group>"; };
		D0EA44CB26696C3800CBCBE9 /* Base */ = {isa = PBXFileReference; lastKnownFileType = file.storyboard; name = Base; path = Base.lproj/Main.storyboard; sourceTree = "<group>"; };
		D0EA44CD26696C3D00CBCBE9 /* Assets.xcassets */ = {isa = PBXFileReference; lastKnownFileType = folder.assetcatalog; path = Assets.xcassets; sourceTree = "<group>"; };
		D0EA44D026696C3D00CBCBE9 /* Base */ = {isa = PBXFileReference; lastKnownFileType = file.storyboard; name = Base; path = Base.lproj/LaunchScreen.storyboard; sourceTree = "<group>"; };
		D0EA44D226696C3D00CBCBE9 /* Info.plist */ = {isa = PBXFileReference; lastKnownFileType = text.plist.xml; path = Info.plist; sourceTree = "<group>"; };
		D0EA44D726696C3D00CBCBE9 /* MovieAppTests.xctest */ = {isa = PBXFileReference; explicitFileType = wrapper.cfbundle; includeInIndex = 0; path = MovieAppTests.xctest; sourceTree = BUILT_PRODUCTS_DIR; };
		D0EA44DB26696C3D00CBCBE9 /* MovieAppTests.swift */ = {isa = PBXFileReference; lastKnownFileType = sourcecode.swift; path = MovieAppTests.swift; sourceTree = "<group>"; };
		D0EA44DD26696C3D00CBCBE9 /* Info.plist */ = {isa = PBXFileReference; lastKnownFileType = text.plist.xml; path = Info.plist; sourceTree = "<group>"; };
		D0EA44E226696C3D00CBCBE9 /* MovieAppUITests.xctest */ = {isa = PBXFileReference; explicitFileType = wrapper.cfbundle; includeInIndex = 0; path = MovieAppUITests.xctest; sourceTree = BUILT_PRODUCTS_DIR; };
		D0EA44E626696C3D00CBCBE9 /* MovieAppUITests.swift */ = {isa = PBXFileReference; lastKnownFileType = sourcecode.swift; path = MovieAppUITests.swift; sourceTree = "<group>"; };
		D0EA44E826696C3D00CBCBE9 /* Info.plist */ = {isa = PBXFileReference; lastKnownFileType = text.plist.xml; path = Info.plist; sourceTree = "<group>"; };
/* End PBXFileReference section */

/* Begin PBXFrameworksBuildPhase section */
		D0EA44BE26696C3800CBCBE9 /* Frameworks */ = {
			isa = PBXFrameworksBuildPhase;
			buildActionMask = 2147483647;
			files = (
			);
			runOnlyForDeploymentPostprocessing = 0;
		};
		D0EA44D426696C3D00CBCBE9 /* Frameworks */ = {
			isa = PBXFrameworksBuildPhase;
			buildActionMask = 2147483647;
			files = (
			);
			runOnlyForDeploymentPostprocessing = 0;
		};
		D0EA44DF26696C3D00CBCBE9 /* Frameworks */ = {
			isa = PBXFrameworksBuildPhase;
			buildActionMask = 2147483647;
			files = (
			);
			runOnlyForDeploymentPostprocessing = 0;
		};
/* End PBXFrameworksBuildPhase section */

/* Begin PBXGroup section */
		D0EA44B826696C3800CBCBE9 = {
			isa = PBXGroup;
			children = (
				D0EA44C326696C3800CBCBE9 /* MovieApp */,
				D0EA44DA26696C3D00CBCBE9 /* MovieAppTests */,
				D0EA44E526696C3D00CBCBE9 /* MovieAppUITests */,
				D0EA44C226696C3800CBCBE9 /* Products */,
			);
			sourceTree = "<group>";
		};
		D0EA44C226696C3800CBCBE9 /* Products */ = {
			isa = PBXGroup;
			children = (
				D0EA44C126696C3800CBCBE9 /* MovieApp.app */,
				D0EA44D726696C3D00CBCBE9 /* MovieAppTests.xctest */,
				D0EA44E226696C3D00CBCBE9 /* MovieAppUITests.xctest */,
			);
			name = Products;
			sourceTree = "<group>";
		};
		D0EA44C326696C3800CBCBE9 /* MovieApp */ = {
			isa = PBXGroup;
			children = (
				D0EA44C426696C3800CBCBE9 /* AppDelegate.swift */,
				D0EA44C626696C3800CBCBE9 /* SceneDelegate.swift */,
				D0EA44C826696C3800CBCBE9 /* ViewController.swift */,
				D0EA44CA26696C3800CBCBE9 /* Main.storyboard */,
				D0EA44CD26696C3D00CBCBE9 /* Assets.xcassets */,
				D0EA44CF26696C3D00CBCBE9 /* LaunchScreen.storyboard */,
				D0EA44D226696C3D00CBCBE9 /* Info.plist */,
			);
			path = MovieApp;
			sourceTree = "<group>";
		};
		D0EA44DA26696C3D00CBCBE9 /* MovieAppTests */ = {
			isa = PBXGroup;
			children = (
				D0EA44DB26696C3D00CBCBE9 /* MovieAppTests.swift */,
				D0EA44DD26696C3D00CBCBE9 /* Info.plist */,
			);
			path = MovieAppTests;
			sourceTree = "<group>";
		};
		D0EA44E526696C3D00CBCBE9 /* MovieAppUITests */ = {
			isa = PBXGroup;
			children = (
				D0EA44E626696C3D00CBCBE9 /* MovieAppUITests.swift */,
				D0EA44E826696C3D00CBCBE9 /* Info.plist */,
			);
			path = MovieAppUITests;
			sourceTree = "<group>";
		};
/* End PBXGroup section */

/* Begin PBXNativeTarget section */
		D0EA44C026696C3800CBCBE9 /* MovieApp */ = {
			isa = PBXNativeTarget;
			buildConfigurationList = D0EA44EB26696C3D00CBCBE9 /* Build configuration list for PBXNativeTarget "MovieApp" */;
			buildPhases = (
				D0EA44BD26696C3800CBCBE9 /* Sources */,
				D0EA44BE26696C3800CBCBE9 /* Frameworks */,
				D0EA44BF26696C3800CBCBE9 /* Resources */,
			);
			buildRules = (
			);
			dependencies = (
			);
			name = MovieApp;
			productName = MovieApp;
			productReference = D0EA44C126696C3800CBCBE9 /* MovieApp.app */;
			productType = "com.apple.product-type.application";
		};
		D0EA44D626696C3D00CBCBE9 /* MovieAppTests */ = {
			isa = PBXNativeTarget;
			buildConfigurationList = D0EA44EE26696C3D00CBCBE9 /* Build configuration list for PBXNativeTarget "MovieAppTests" */;
			buildPhases = (
				D0EA44D326696C3D00CBCBE9 /* Sources */,
				D0EA44D426696C3D00CBCBE9 /* Frameworks */,
				D0EA44D526696C3D00CBCBE9 /* Resources */,
			);
			buildRules = (
			);
			dependencies = (
				D0EA44D926696C3D00CBCBE9 /* PBXTargetDependency */,
			);
			name = MovieAppTests;
			productName = MovieAppTests;
			productReference = D0EA44D726696C3D00CBCBE9 /* MovieAppTests.xctest */;
			productType = "com.apple.product-type.bundle.unit-test";
		};
		D0EA44E126696C3D00CBCBE9 /* MovieAppUITests */ = {
			isa = PBXNativeTarget;
			buildConfigurationList = D0EA44F126696C3D00CBCBE9 /* Build configuration list for PBXNativeTarget "MovieAppUITests" */;
			buildPhases = (
				D0EA44DE26696C3D00CBCBE9 /* Sources */,
				D0EA44DF26696C3D00CBCBE9 /* Frameworks */,
				D0EA44E026696C3D00CBCBE9 /* Resources */,
			);
			buildRules = (
			);
			dependencies = (
				D0EA44E426696C3D00CBCBE9 /* PBXTargetDependency */,
			);
			name = MovieAppUITests;
			productName = MovieAppUITests;
			productReference = D0EA44E226696C3D00CBCBE9 /* MovieAppUITests.xctest */;
			productType = "com.apple.product-type.bundle.ui-testing";
		};
/* End PBXNativeTarget section */

/* Begin PBXProject section */
		D0EA44B926696C3800CBCBE9 /* Project object */ = {
			isa = PBXProject;
			attributes = {
				LastSwiftUpdateCheck = 1250;
				LastUpgradeCheck = 1250;
				TargetAttributes = {
					D0EA44C026696C3800CBCBE9 = {
						CreatedOnToolsVersion = 12.5;
					};
					D0EA44D626696C3D00CBCBE9 = {
						CreatedOnToolsVersion = 12.5;
						TestTargetID = D0EA44C026696C3800CBCBE9;
					};
					D0EA44E126696C3D00CBCBE9 = {
						CreatedOnToolsVersion = 12.5;
						TestTargetID = D0EA44C026696C3800CBCBE9;
					};
				};
			};
			buildConfigurationList = D0EA44BC26696C3800CBCBE9 /* Build configuration list for PBXProject "MovieApp" */;
			compatibilityVersion = "Xcode 9.3";
			developmentRegion = en;
			hasScannedForEncodings = 0;
			knownRegions = (
				en,
				Base,
			);
			mainGroup = D0EA44B826696C3800CBCBE9;
			productRefGroup = D0EA44C226696C3800CBCBE9 /* Products */;
			projectDirPath = "";
			projectRoot = "";
			targets = (
				D0EA44C026696C3800CBCBE9 /* MovieApp */,
				D0EA44D626696C3D00CBCBE9 /* MovieAppTests */,
				D0EA44E126696C3D00CBCBE9 /* MovieAppUITests */,
			);
		};
/* End PBXProject section */

/* Begin PBXResourcesBuildPhase section */
		D0EA44BF26696C3800CBCBE9 /* Resources */ = {
			isa = PBXResourcesBuildPhase;
			buildActionMask = 2147483647;
			files = (
				D0EA44D126696C3D00CBCBE9 /* LaunchScreen.storyboard in Resources */,
				D0EA44CE26696C3D00CBCBE9 /* Assets.xcassets in Resources */,
				D0EA44CC26696C3800CBCBE9 /* Main.storyboard in Resources */,
			);
			runOnlyForDeploymentPostprocessing = 0;
		};
		D0EA44D526696C3D00CBCBE9 /* Resources */ = {
			isa = PBXResourcesBuildPhase;
			buildActionMask = 2147483647;
			files = (
			);
			runOnlyForDeploymentPostprocessing = 0;
		};
		D0EA44E026696C3D00CBCBE9 /* Resources */ = {
			isa = PBXResourcesBuildPhase;
			buildActionMask = 2147483647;
			files = (
			);
			runOnlyForDeploymentPostprocessing = 0;
		};
/* End PBXResourcesBuildPhase section */

/* Begin PBXSourcesBuildPhase section */
		D0EA44BD26696C3800CBCBE9 /* Sources */ = {
			isa = PBXSourcesBuildPhase;
			buildActionMask = 2147483647;
			files = (
				D0EA44C926696C3800CBCBE9 /* ViewController.swift in Sources */,
				D0EA44C526696C3800CBCBE9 /* AppDelegate.swift in Sources */,
				D0EA44C726696C3800CBCBE9 /* SceneDelegate.swift in Sources */,
			);
			runOnlyForDeploymentPostprocessing = 0;
		};
		D0EA44D326696C3D00CBCBE9 /* Sources */ = {
			isa = PBXSourcesBuildPhase;
			buildActionMask = 2147483647;
			files = (
				D0EA44DC26696C3D00CBCBE9 /* MovieAppTests.swift in Sources */,
			);
			runOnlyForDeploymentPostprocessing = 0;
		};
		D0EA44DE26696C3D00CBCBE9 /* Sources */ = {
			isa = PBXSourcesBuildPhase;
			buildActionMask = 2147483647;
			files = (
				D0EA44E726696C3D00CBCBE9 /* MovieAppUITests.swift in Sources */,
			);
			runOnlyForDeploymentPostprocessing = 0;
		};
/* End PBXSourcesBuildPhase section */

/* Begin PBXTargetDependency section */
		D0EA44D926696C3D00CBCBE9 /* PBXTargetDependency */ = {
			isa = PBXTargetDependency;
			target = D0EA44C026696C3800CBCBE9 /* MovieApp */;
			targetProxy = D0EA44D826696C3D00CBCBE9 /* PBXContainerItemProxy */;
		};
		D0EA44E426696C3D00CBCBE9 /* PBXTargetDependency */ = {
			isa = PBXTargetDependency;
			target = D0EA44C026696C3800CBCBE9 /* MovieApp */;
			targetProxy = D0EA44E326696C3D00CBCBE9 /* PBXContainerItemProxy */;
		};
/* End PBXTargetDependency section */

/* Begin PBXVariantGroup section */
		D0EA44CA26696C3800CBCBE9 /* Main.storyboard */ = {
			isa = PBXVariantGroup;
			children = (
				D0EA44CB26696C3800CBCBE9 /* Base */,
			);
			name = Main.storyboard;
			sourceTree = "<group>";
		};
		D0EA44CF26696C3D00CBCBE9 /* LaunchScreen.storyboard */ = {
			isa = PBXVariantGroup;
			children = (
				D0EA44D026696C3D00CBCBE9 /* Base */,
			);
			name = LaunchScreen.storyboard;
			sourceTree = "<group>";
		};
/* End PBXVariantGroup section */

/* Begin XCBuildConfiguration section */
		D0EA44E926696C3D00CBCBE9 /* Debug */ = {
			isa = XCBuildConfiguration;
			buildSettings = {
				ALWAYS_SEARCH_USER_PATHS = NO;
				CLANG_ANALYZER_NONNULL = YES;
				CLANG_ANALYZER_NUMBER_OBJECT_CONVERSION = YES_AGGRESSIVE;
				CLANG_CXX_LANGUAGE_STANDARD = "gnu++14";
				CLANG_CXX_LIBRARY = "libc++";
				CLANG_ENABLE_MODULES = YES;
				CLANG_ENABLE_OBJC_ARC = YES;
				CLANG_ENABLE_OBJC_WEAK = YES;
				CLANG_WARN_BLOCK_CAPTURE_AUTORELEASING = YES;
				CLANG_WARN_BOOL_CONVERSION = YES;
				CLANG_WARN_COMMA = YES;
				CLANG_WARN_CONSTANT_CONVERSION = YES;
				CLANG_WARN_DEPRECATED_OBJC_IMPLEMENTATIONS = YES;
				CLANG_WARN_DIRECT_OBJC_ISA_USAGE = YES_ERROR;
				CLANG_WARN_DOCUMENTATION_COMMENTS = YES;
				CLANG_WARN_EMPTY_BODY = YES;
				CLANG_WARN_ENUM_CONVERSION = YES;
				CLANG_WARN_INFINITE_RECURSION = YES;
				CLANG_WARN_INT_CONVERSION = YES;
				CLANG_WARN_NON_LITERAL_NULL_CONVERSION = YES;
				CLANG_WARN_OBJC_IMPLICIT_RETAIN_SELF = YES;
				CLANG_WARN_OBJC_LITERAL_CONVERSION = YES;
				CLANG_WARN_OBJC_ROOT_CLASS = YES_ERROR;
				CLANG_WARN_QUOTED_INCLUDE_IN_FRAMEWORK_HEADER = YES;
				CLANG_WARN_RANGE_LOOP_ANALYSIS = YES;
				CLANG_WARN_STRICT_PROTOTYPES = YES;
				CLANG_WARN_SUSPICIOUS_MOVE = YES;
				CLANG_WARN_UNGUARDED_AVAILABILITY = YES_AGGRESSIVE;
				CLANG_WARN_UNREACHABLE_CODE = YES;
				CLANG_WARN__DUPLICATE_METHOD_MATCH = YES;
				COPY_PHASE_STRIP = NO;
				DEBUG_INFORMATION_FORMAT = dwarf;
				ENABLE_STRICT_OBJC_MSGSEND = YES;
				ENABLE_TESTABILITY = YES;
				GCC_C_LANGUAGE_STANDARD = gnu11;
				GCC_DYNAMIC_NO_PIC = NO;
				GCC_NO_COMMON_BLOCKS = YES;
				GCC_OPTIMIZATION_LEVEL = 0;
				GCC_PREPROCESSOR_DEFINITIONS = (
					"DEBUG=1",
					"$(inherited)",
				);
				GCC_WARN_64_TO_32_BIT_CONVERSION = YES;
				GCC_WARN_ABOUT_RETURN_TYPE = YES_ERROR;
				GCC_WARN_UNDECLARED_SELECTOR = YES;
				GCC_WARN_UNINITIALIZED_AUTOS = YES_AGGRESSIVE;
				GCC_WARN_UNUSED_FUNCTION = YES;
				GCC_WARN_UNUSED_VARIABLE = YES;
				IPHONEOS_DEPLOYMENT_TARGET = 14.5;
				MTL_ENABLE_DEBUG_INFO = INCLUDE_SOURCE;
				MTL_FAST_MATH = YES;
				ONLY_ACTIVE_ARCH = YES;
				SDKROOT = iphoneos;
				SWIFT_ACTIVE_COMPILATION_CONDITIONS = DEBUG;
				SWIFT_OPTIMIZATION_LEVEL = "-Onone";
			};
			name = Debug;
		};
		D0EA44EA26696C3D00CBCBE9 /* Release */ = {
			isa = XCBuildConfiguration;
			buildSettings = {
				ALWAYS_SEARCH_USER_PATHS = NO;
				CLANG_ANALYZER_NONNULL = YES;
				CLANG_ANALYZER_NUMBER_OBJECT_CONVERSION = YES_AGGRESSIVE;
				CLANG_CXX_LANGUAGE_STANDARD = "gnu++14";
				CLANG_CXX_LIBRARY = "libc++";
				CLANG_ENABLE_MODULES = YES;
				CLANG_ENABLE_OBJC_ARC = YES;
				CLANG_ENABLE_OBJC_WEAK = YES;
				CLANG_WARN_BLOCK_CAPTURE_AUTORELEASING = YES;
				CLANG_WARN_BOOL_CONVERSION = YES;
				CLANG_WARN_COMMA = YES;
				CLANG_WARN_CONSTANT_CONVERSION = YES;
				CLANG_WARN_DEPRECATED_OBJC_IMPLEMENTATIONS = YES;
				CLANG_WARN_DIRECT_OBJC_ISA_USAGE = YES_ERROR;
				CLANG_WARN_DOCUMENTATION_COMMENTS = YES;
				CLANG_WARN_EMPTY_BODY = YES;
				CLANG_WARN_ENUM_CONVERSION = YES;
				CLANG_WARN_INFINITE_RECURSION = YES;
				CLANG_WARN_INT_CONVERSION = YES;
				CLANG_WARN_NON_LITERAL_NULL_CONVERSION = YES;
				CLANG_WARN_OBJC_IMPLICIT_RETAIN_SELF = YES;
				CLANG_WARN_OBJC_LITERAL_CONVERSION = YES;
				CLANG_WARN_OBJC_ROOT_CLASS = YES_ERROR;
				CLANG_WARN_QUOTED_INCLUDE_IN_FRAMEWORK_HEADER = YES;
				CLANG_WARN_RANGE_LOOP_ANALYSIS = YES;
				CLANG_WARN_STRICT_PROTOTYPES = YES;
				CLANG_WARN_SUSPICIOUS_MOVE = YES;
				CLANG_WARN_UNGUARDED_AVAILABILITY = YES_AGGRESSIVE;
				CLANG_WARN_UNREACHABLE_CODE = YES;
				CLANG_WARN__DUPLICATE_METHOD_MATCH = YES;
				COPY_PHASE_STRIP = NO;
				DEBUG_INFORMATION_FORMAT = "dwarf-with-dsym";
				ENABLE_NS_ASSERTIONS = NO;
				ENABLE_STRICT_OBJC_MSGSEND = YES;
				GCC_C_LANGUAGE_STANDARD = gnu11;
				GCC_NO_COMMON_BLOCKS = YES;
				GCC_WARN_64_TO_32_BIT_CONVERSION = YES;
				GCC_WARN_ABOUT_RETURN_TYPE = YES_ERROR;
				GCC_WARN_UNDECLARED_SELECTOR = YES;
				GCC_WARN_UNINITIALIZED_AUTOS = YES_AGGRESSIVE;
				GCC_WARN_UNUSED_FUNCTION = YES;
				GCC_WARN_UNUSED_VARIABLE = YES;
				IPHONEOS_DEPLOYMENT_TARGET = 14.5;
				MTL_ENABLE_DEBUG_INFO = NO;
				MTL_FAST_MATH = YES;
				SDKROOT = iphoneos;
				SWIFT_COMPILATION_MODE = wholemodule;
				SWIFT_OPTIMIZATION_LEVEL = "-O";
				VALIDATE_PRODUCT = YES;
			};
			name = Release;
		};
		D0EA44EC26696C3D00CBCBE9 /* Debug */ = {
			isa = XCBuildConfiguration;
			buildSettings = {
				ASSETCATALOG_COMPILER_APPICON_NAME = AppIcon;
				ASSETCATALOG_COMPILER_GLOBAL_ACCENT_COLOR_NAME = AccentColor;
				CODE_SIGN_STYLE = Automatic;
				DEVELOPMENT_TEAM = 523H27NG65;
				INFOPLIST_FILE = MovieApp/Info.plist;
				LD_RUNPATH_SEARCH_PATHS = (
					"$(inherited)",
					"@executable_path/Frameworks",
				);
				PRODUCT_BUNDLE_IDENTIFIER = com.miniLabs.MovieApp;
				PRODUCT_NAME = "$(TARGET_NAME)";
				SWIFT_VERSION = 5.0;
				TARGETED_DEVICE_FAMILY = "1,2";
			};
			name = Debug;
		};
		D0EA44ED26696C3D00CBCBE9 /* Release */ = {
			isa = XCBuildConfiguration;
			buildSettings = {
				ASSETCATALOG_COMPILER_APPICON_NAME = AppIcon;
				ASSETCATALOG_COMPILER_GLOBAL_ACCENT_COLOR_NAME = AccentColor;
				CODE_SIGN_STYLE = Automatic;
				DEVELOPMENT_TEAM = 523H27NG65;
				INFOPLIST_FILE = MovieApp/Info.plist;
				LD_RUNPATH_SEARCH_PATHS = (
					"$(inherited)",
					"@executable_path/Frameworks",
				);
				PRODUCT_BUNDLE_IDENTIFIER = com.miniLabs.MovieApp;
				PRODUCT_NAME = "$(TARGET_NAME)";
				SWIFT_VERSION = 5.0;
				TARGETED_DEVICE_FAMILY = "1,2";
			};
			name = Release;
		};
		D0EA44EF26696C3D00CBCBE9 /* Debug */ = {
			isa = XCBuildConfiguration;
			buildSettings = {
				ALWAYS_EMBED_SWIFT_STANDARD_LIBRARIES = YES;
				BUNDLE_LOADER = "$(TEST_HOST)";
				CODE_SIGN_STYLE = Automatic;
				DEVELOPMENT_TEAM = 523H27NG65;
				INFOPLIST_FILE = MovieAppTests/Info.plist;
				IPHONEOS_DEPLOYMENT_TARGET = 14.5;
				LD_RUNPATH_SEARCH_PATHS = (
					"$(inherited)",
					"@executable_path/Frameworks",
					"@loader_path/Frameworks",
				);
				PRODUCT_BUNDLE_IDENTIFIER = com.miniLabs.MovieAppTests;
				PRODUCT_NAME = "$(TARGET_NAME)";
				SWIFT_VERSION = 5.0;
				TARGETED_DEVICE_FAMILY = "1,2";
				TEST_HOST = "$(BUILT_PRODUCTS_DIR)/MovieApp.app/MovieApp";
			};
			name = Debug;
		};
		D0EA44F026696C3D00CBCBE9 /* Release */ = {
			isa = XCBuildConfiguration;
			buildSettings = {
				ALWAYS_EMBED_SWIFT_STANDARD_LIBRARIES = YES;
				BUNDLE_LOADER = "$(TEST_HOST)";
				CODE_SIGN_STYLE = Automatic;
				DEVELOPMENT_TEAM = 523H27NG65;
				INFOPLIST_FILE = MovieAppTests/Info.plist;
				IPHONEOS_DEPLOYMENT_TARGET = 14.5;
				LD_RUNPATH_SEARCH_PATHS = (
					"$(inherited)",
					"@executable_path/Frameworks",
					"@loader_path/Frameworks",
				);
				PRODUCT_BUNDLE_IDENTIFIER = com.miniLabs.MovieAppTests;
				PRODUCT_NAME = "$(TARGET_NAME)";
				SWIFT_VERSION = 5.0;
				TARGETED_DEVICE_FAMILY = "1,2";
				TEST_HOST = "$(BUILT_PRODUCTS_DIR)/MovieApp.app/MovieApp";
			};
			name = Release;
		};
		D0EA44F226696C3D00CBCBE9 /* Debug */ = {
			isa = XCBuildConfiguration;
			buildSettings = {
				ALWAYS_EMBED_SWIFT_STANDARD_LIBRARIES = YES;
				CODE_SIGN_STYLE = Automatic;
				DEVELOPMENT_TEAM = 523H27NG65;
				INFOPLIST_FILE = MovieAppUITests/Info.plist;
				LD_RUNPATH_SEARCH_PATHS = (
					"$(inherited)",
					"@executable_path/Frameworks",
					"@loader_path/Frameworks",
				);
				PRODUCT_BUNDLE_IDENTIFIER = com.miniLabs.MovieAppUITests;
				PRODUCT_NAME = "$(TARGET_NAME)";
				SWIFT_VERSION = 5.0;
				TARGETED_DEVICE_FAMILY = "1,2";
				TEST_TARGET_NAME = MovieApp;
			};
			name = Debug;
		};
		D0EA44F326696C3D00CBCBE9 /* Release */ = {
			isa = XCBuildConfiguration;
			buildSettings = {
				ALWAYS_EMBED_SWIFT_STANDARD_LIBRARIES = YES;
				CODE_SIGN_STYLE = Automatic;
				DEVELOPMENT_TEAM = 523H27NG65;
				INFOPLIST_FILE = MovieAppUITests/Info.plist;
				LD_RUNPATH_SEARCH_PATHS = (
					"$(inherited)",
					"@executable_path/Frameworks",
					"@loader_path/Frameworks",
				);
				PRODUCT_BUNDLE_IDENTIFIER = com.miniLabs.MovieAppUITests;
				PRODUCT_NAME = "$(TARGET_NAME)";
				SWIFT_VERSION = 5.0;
				TARGETED_DEVICE_FAMILY = "1,2";
				TEST_TARGET_NAME = MovieApp;
			};
			name = Release;
		};
/* End XCBuildConfiguration section */

/* Begin XCConfigurationList section */
		D0EA44BC26696C3800CBCBE9 /* Build configuration list for PBXProject "MovieApp" */ = {
			isa = XCConfigurationList;
			buildConfigurations = (
				D0EA44E926696C3D00CBCBE9 /* Debug */,
				D0EA44EA26696C3D00CBCBE9 /* Release */,
			);
			defaultConfigurationIsVisible = 0;
			defaultConfigurationName = Release;
		};
		D0EA44EB26696C3D00CBCBE9 /* Build configuration list for PBXNativeTarget "MovieApp" */ = {
			isa = XCConfigurationList;
			buildConfigurations = (
				D0EA44EC26696C3D00CBCBE9 /* Debug */,
				D0EA44ED26696C3D00CBCBE9 /* Release */,
			);
			defaultConfigurationIsVisible = 0;
			defaultConfigurationName = Release;
		};
		D0EA44EE26696C3D00CBCBE9 /* Build configuration list for PBXNativeTarget "MovieAppTests" */ = {
			isa = XCConfigurationList;
			buildConfigurations = (
				D0EA44EF26696C3D00CBCBE9 /* Debug */,
				D0EA44F026696C3D00CBCBE9 /* Release */,
			);
			defaultConfigurationIsVisible = 0;
			defaultConfigurationName = Release;
		};
		D0EA44F126696C3D00CBCBE9 /* Build configuration list for PBXNativeTarget "MovieAppUITests" */ = {
			isa = XCConfigurationList;
			buildConfigurations = (
				D0EA44F226696C3D00CBCBE9 /* Debug */,
				D0EA44F326696C3D00CBCBE9 /* Release */,
			);
			defaultConfigurationIsVisible = 0;
			defaultConfigurationName = Release;
		};
/* End XCConfigurationList section */
	};
	rootObject = D0EA44B926696C3800CBCBE9 /* Project object */;
}
